
Microsoft Visual Studio Solution File, Format Version 12.00
# Visual Studio Version 17
VisualStudioVersion = 17.0.31903.59
MinimumVisualStudioVersion = 10.0.40219.1
Project("{FAE04EC0-301F-11D3-BF4B-00C04F79EFBC}") = "BetterDecorador", "BetterDecorador\BetterDecorador.csproj", "{8594648B-0E88-4249-860F-2C1AFA9F62D8}"
EndProject
Project("{FAE04EC0-301F-11D3-BF4B-00C04F79EFBC}") = "Special", "Special\Special.csproj", "{81E528B9-9459-4189-AB1D-377BF729C0E0}"
EndProject
Project("{FAE04EC0-301F-11D3-BF4B-00C04F79EFBC}") = "ValuesAndReferences", "ValuesAndReferences\ValuesAndReferences.csproj", "{E1219E22-D71B-4573-BF44-3F859D19F7BF}"
EndProject
Global
	GlobalSection(SolutionConfigurationPlatforms) = preSolution
		Debug|Any CPU = Debug|Any CPU
		Release|Any CPU = Release|Any CPU
	EndGlobalSection
	GlobalSection(SolutionProperties) = preSolution
		HideSolutionNode = FALSE
	EndGlobalSection
	GlobalSection(ProjectConfigurationPlatforms) = postSolution
		{8594648B-0E88-4249-860F-2C1AFA9F62D8}.Debug|Any CPU.ActiveCfg = Debug|Any CPU
		{8594648B-0E88-4249-860F-2C1AFA9F62D8}.Debug|Any CPU.Build.0 = Debug|Any CPU
		{8594648B-0E88-4249-860F-2C1AFA9F62D8}.Release|Any CPU.ActiveCfg = Release|Any CPU
		{8594648B-0E88-4249-860F-2C1AFA9F62D8}.Release|Any CPU.Build.0 = Release|Any CPU
		{81E528B9-9459-4189-AB1D-377BF729C0E0}.Debug|Any CPU.ActiveCfg = Debug|Any CPU
		{81E528B9-9459-4189-AB1D-377BF729C0E0}.Debug|Any CPU.Build.0 = Debug|Any CPU
		{81E528B9-9459-4189-AB1D-377BF729C0E0}.Release|Any CPU.ActiveCfg = Release|Any CPU
		{81E528B9-9459-4189-AB1D-377BF729C0E0}.Release|Any CPU.Build.0 = Release|Any CPU
		{E1219E22-D71B-4573-BF44-3F859D19F7BF}.Debug|Any CPU.ActiveCfg = Debug|Any CPU
		{E1219E22-D71B-4573-BF44-3F859D19F7BF}.Debug|Any CPU.Build.0 = Debug|Any CPU
		{E1219E22-D71B-4573-BF44-3F859D19F7BF}.Release|Any CPU.ActiveCfg = Release|Any CPU
		{E1219E22-D71B-4573-BF44-3F859D19F7BF}.Release|Any CPU.Build.0 = Release|Any CPU
	EndGlobalSection
EndGlobal
